
Microsoft Visual Studio Solution File, Format Version 12.00
# Visual Studio 15
VisualStudioVersion = 15.0.27130.2010
MinimumVisualStudioVersion = 10.0.40219.1
Project("{FAE04EC0-301F-11D3-BF4B-00C04F79EFBC}") = "Encodeasy", "Encodeasy\Encodeasy.csproj", "{76327895-EE6A-4C10-AE88-7831D7DE7C91}"
EndProject
Project("{FAE04EC0-301F-11D3-BF4B-00C04F79EFBC}") = "Neetsonic", "..\Neetsonic\Neetsonic\Neetsonic.csproj", "{028B1EC0-07A5-4216-9451-02787471ACBF}"
EndProject
Global
	GlobalSection(SolutionConfigurationPlatforms) = preSolution
		Debug|Any CPU = Debug|Any CPU
		Debug|x64 = Debug|x64
		Release|Any CPU = Release|Any CPU
		Release|x64 = Release|x64
	EndGlobalSection
	GlobalSection(ProjectConfigurationPlatforms) = postSolution
		{76327895-EE6A-4C10-AE88-7831D7DE7C91}.Debug|Any CPU.ActiveCfg = Debug|Any CPU
		{76327895-EE6A-4C10-AE88-7831D7DE7C91}.Debug|Any CPU.Build.0 = Debug|Any CPU
		{76327895-EE6A-4C10-AE88-7831D7DE7C91}.Debug|x64.ActiveCfg = Debug|Any CPU
		{76327895-EE6A-4C10-AE88-7831D7DE7C91}.Debug|x64.Build.0 = Debug|Any CPU
		{76327895-EE6A-4C10-AE88-7831D7DE7C91}.Release|Any CPU.ActiveCfg = Release|Any CPU
		{76327895-EE6A-4C10-AE88-7831D7DE7C91}.Release|Any CPU.Build.0 = Release|Any CPU
		{76327895-EE6A-4C10-AE88-7831D7DE7C91}.Release|x64.ActiveCfg = Release|Any CPU
		{76327895-EE6A-4C10-AE88-7831D7DE7C91}.Release|x64.Build.0 = Release|Any CPU
		{028B1EC0-07A5-4216-9451-02787471ACBF}.Debug|Any CPU.ActiveCfg = Debug|Any CPU
		{028B1EC0-07A5-4216-9451-02787471ACBF}.Debug|Any CPU.Build.0 = Debug|Any CPU
		{028B1EC0-07A5-4216-9451-02787471ACBF}.Debug|x64.ActiveCfg = Debug|x64
		{028B1EC0-07A5-4216-9451-02787471ACBF}.Debug|x64.Build.0 = Debug|x64
		{028B1EC0-07A5-4216-9451-02787471ACBF}.Release|Any CPU.ActiveCfg = Release|Any CPU
		{028B1EC0-07A5-4216-9451-02787471ACBF}.Release|Any CPU.Build.0 = Release|Any CPU
		{028B1EC0-07A5-4216-9451-02787471ACBF}.Release|x64.ActiveCfg = Release|x64
		{028B1EC0-07A5-4216-9451-02787471ACBF}.Release|x64.Build.0 = Release|x64
	EndGlobalSection
	GlobalSection(SolutionProperties) = preSolution
		HideSolutionNode = FALSE
	EndGlobalSection
	GlobalSection(ExtensibilityGlobals) = postSolution
		SolutionGuid = {CB4D7CDA-B660-4B77-9EC0-3F754F8E1FBD}
	EndGlobalSection
EndGlobal
